
Microsoft Visual Studio Solution File, Format Version 11.00
# Visual Studio 2012
Project("{FAE04EC0-301F-11D3-BF4B-00C04F79EFBC}") = "Visitor2", "Visitor2\Visitor2.csproj", "{A2A8EF77-8F99-422D-AF5A-ED1FAB7D915D}"
EndProject
Global
	GlobalSection(SolutionConfigurationPlatforms) = preSolution
		Debug|x86 = Debug|x86
		Release|x86 = Release|x86
	EndGlobalSection
	GlobalSection(ProjectConfigurationPlatforms) = postSolution
		{A2A8EF77-8F99-422D-AF5A-ED1FAB7D915D}.Debug|x86.ActiveCfg = Debug|x86
		{A2A8EF77-8F99-422D-AF5A-ED1FAB7D915D}.Debug|x86.Build.0 = Debug|x86
		{A2A8EF77-8F99-422D-AF5A-ED1FAB7D915D}.Release|x86.ActiveCfg = Release|x86
		{A2A8EF77-8F99-422D-AF5A-ED1FAB7D915D}.Release|x86.Build.0 = Release|x86
	EndGlobalSection
	GlobalSection(SolutionProperties) = preSolution
		HideSolutionNode = FALSE
	EndGlobalSection
EndGlobal
